
Microsoft Visual Studio Solution File, Format Version 12.00
# Visual Studio 15
VisualStudioVersion = 15.0.28307.705
MinimumVisualStudioVersion = 10.0.40219.1
Project("{FAE04EC0-301F-11D3-BF4B-00C04F79EFBC}") = "Micro and Array Update", "Micro and Array Update\Micro and Array Update.csproj", "{9F8D49A4-02C5-4F4B-A1C0-3421DE8E2B02}"
EndProject
Project("{FAE04EC0-301F-11D3-BF4B-00C04F79EFBC}") = "zooos", "zooos\zooos.csproj", "{E671EFB4-BCF1-45AA-B401-9DDAC7B13F0A}"
EndProject
Project("{FAE04EC0-301F-11D3-BF4B-00C04F79EFBC}") = "MinMax", "MinMax\MinMax.csproj", "{92462D7D-C753-4578-AA15-C66CE3AECC32}"
EndProject
Project("{FAE04EC0-301F-11D3-BF4B-00C04F79EFBC}") = "2 Arrays", "2 Arrays\2 Arrays.csproj", "{712ADC13-9737-4384-8078-6FBEB29B3840}"
EndProject
Project("{FAE04EC0-301F-11D3-BF4B-00C04F79EFBC}") = "Sumita and equal array", "Sumita and equal array\Sumita and equal array.csproj", "{11B283B1-04A5-4706-90B9-6F6E0E517BB5}"
EndProject
Project("{FAE04EC0-301F-11D3-BF4B-00C04F79EFBC}") = "What is your mobile number", "What is your mobile number\What is your mobile number.csproj", "{D0BCE083-F989-4D53-9215-90CC897127FC}"
EndProject
Project("{FAE04EC0-301F-11D3-BF4B-00C04F79EFBC}") = "Compare Strings", "Compare Strings\Compare Strings.csproj", "{8D8A6F05-5341-48C3-BDF5-BD46095165B9}"
EndProject
Project("{FAE04EC0-301F-11D3-BF4B-00C04F79EFBC}") = "Simple Search", "Simple Search\Simple Search.csproj", "{79C331D0-5D9F-4394-A0E5-F10B170683CB}"
EndProject
Project("{FAE04EC0-301F-11D3-BF4B-00C04F79EFBC}") = "Repeated K times", "Repeated K times\Repeated K times.csproj", "{2223CB64-54AA-406D-83B4-B5129342022E}"
EndProject
Project("{FAE04EC0-301F-11D3-BF4B-00C04F79EFBC}") = "Rest in Peace", "Rest in Peace\Rest in Peace.csproj", "{A9171B34-A816-4420-9877-0EB8808FA500}"
EndProject
Project("{FAE04EC0-301F-11D3-BF4B-00C04F79EFBC}") = "Alphanumeric Strings", "Alphanumeric Strings\Alphanumeric Strings.csproj", "{D3341AAC-6F42-4F5E-8838-5E1867F388B7}"
EndProject
Project("{FAE04EC0-301F-11D3-BF4B-00C04F79EFBC}") = "To Make Anagrams", "To Make Anagrams\To Make Anagrams.csproj", "{76F359F8-D838-4C92-A265-EFDFCFBC2DC2}"
EndProject
Project("{FAE04EC0-301F-11D3-BF4B-00C04F79EFBC}") = "Min-Max", "Min-Max\Min-Max.csproj", "{D104B289-C161-4C2E-B67F-D9F3439DF337}"
EndProject
Project("{FAE04EC0-301F-11D3-BF4B-00C04F79EFBC}") = "Array Sum", "Array Sum\Array Sum.csproj", "{BFF002F2-D3D0-4424-A17B-D0E234982C52}"
EndProject
Project("{FAE04EC0-301F-11D3-BF4B-00C04F79EFBC}") = "Rajan and odd frequency number", "Rajan and odd frequency number\Rajan and odd frequency number.csproj", "{4B464FB7-31FC-47F8-AA04-B325EC9F3D70}"
EndProject
Project("{FAE04EC0-301F-11D3-BF4B-00C04F79EFBC}") = "21-1", "21-1\21-1.csproj", "{3D8D0757-F43A-456C-AD1B-B24EA4732466}"
EndProject
Project("{FAE04EC0-301F-11D3-BF4B-00C04F79EFBC}") = "Monk Teaches Palindrome", "Monk Teaches Palindrome\Monk Teaches Palindrome.csproj", "{064C199A-DC22-4AC0-812C-065739618667}"
EndProject
Project("{FAE04EC0-301F-11D3-BF4B-00C04F79EFBC}") = "Special shop", "Special shop\Special shop.csproj", "{98CE27E3-3DFA-45AB-8021-53351C102DA4}"
EndProject
Project("{FAE04EC0-301F-11D3-BF4B-00C04F79EFBC}") = "Determining numbers", "Determining numbers\Determining numbers.csproj", "{FAC5547B-1D75-4D03-8664-9740512698D1}"
EndProject
Project("{FAE04EC0-301F-11D3-BF4B-00C04F79EFBC}") = "maximm Occurrence", "maximm Occurrence\maximm Occurrence.csproj", "{DA67E338-C768-4C08-8703-337F7D7C644F}"
EndProject
Project("{FAE04EC0-301F-11D3-BF4B-00C04F79EFBC}") = "Sahils's computer address", "Sahils's computer address\Sahils's computer address.csproj", "{86DE1A71-1B81-4F72-899F-A886C83B66AE}"
EndProject
Project("{FAE04EC0-301F-11D3-BF4B-00C04F79EFBC}") = "Final Product", "Final Product\Final Product.csproj", "{F960AFEB-57B7-4AE1-9B17-11B9FABC99F7}"
EndProject
Project("{FAE04EC0-301F-11D3-BF4B-00C04F79EFBC}") = "Complete String", "Complete String\Complete String.csproj", "{BAFB2800-0EDB-4DCF-8CA6-6D5F7705CB6A}"
EndProject
Project("{FAE04EC0-301F-11D3-BF4B-00C04F79EFBC}") = "Monk and Lucky Minimum", "Monk and Lucky Minimum\Monk and Lucky Minimum.csproj", "{98923DD4-3791-443F-9324-326D5AAF2016}"
EndProject
Project("{FAE04EC0-301F-11D3-BF4B-00C04F79EFBC}") = "Life, the Universe, and Everything", "Life, the Universe, and Everything\Life, the Universe, and Everything.csproj", "{A108361A-9A9F-4E3C-9F57-0FB66F41B3F6}"
EndProject
Project("{FAE04EC0-301F-11D3-BF4B-00C04F79EFBC}") = "Toggle Strings", "Toggle Strings\Toggle Strings.csproj", "{1F39749F-EEAB-47AD-8E88-E389FDD9C5E9}"
EndProject
Project("{FAE04EC0-301F-11D3-BF4B-00C04F79EFBC}") = "Terrible Chandu", "Terrible Chandu\Terrible Chandu.csproj", "{1D8A01D6-D179-4F87-9F61-B9BFE676DE81}"
EndProject
Project("{FAE04EC0-301F-11D3-BF4B-00C04F79EFBC}") = "Doctors's medicine", "Doctors's medicine\Doctors's medicine.csproj", "{676C914C-6029-41B5-9EFC-6375B40E6748}"
EndProject
Project("{FAE04EC0-301F-11D3-BF4B-00C04F79EFBC}") = "Palindrome String", "Palindrome String\Palindrome String.csproj", "{80922161-ECFA-4475-A455-1D55C9DACD24}"
EndProject
Project("{FAE04EC0-301F-11D3-BF4B-00C04F79EFBC}") = "Prime Numbers", "Prime Numbers\Prime Numbers.csproj", "{572E5CB8-140E-47B6-B93C-998EFD358A32}"
EndProject
Project("{FAE04EC0-301F-11D3-BF4B-00C04F79EFBC}") = "Two Strings", "Two Strings\Two Strings.csproj", "{682C29E5-8675-4806-82D9-503402FCFFF5}"
EndProject
Project("{FAE04EC0-301F-11D3-BF4B-00C04F79EFBC}") = "Easy Sum Set Problem", "Easy Sum Set Problem\Easy Sum Set Problem.csproj", "{18D50416-D0D0-4959-AC59-206F9D89595F}"
EndProject
Project("{FAE04EC0-301F-11D3-BF4B-00C04F79EFBC}") = "Fun with Strings", "Fun with Strings\Fun with Strings.csproj", "{D1974708-B5BC-4ED5-8D44-3536A7148603}"
EndProject
Project("{FAE04EC0-301F-11D3-BF4B-00C04F79EFBC}") = "Mark the answer", "Mark the answer\Mark the answer.csproj", "{26FBD9A9-B359-4603-BB20-EF6B7712EB05}"
EndProject
Project("{FAE04EC0-301F-11D3-BF4B-00C04F79EFBC}") = "Strange Addition", "Strange Addition\Strange Addition.csproj", "{284A3DCF-BDF6-48FC-8B53-13045A2FC126}"
EndProject
Project("{FAE04EC0-301F-11D3-BF4B-00C04F79EFBC}") = "XSquare and Double Strings", "XSquare and Double Strings\XSquare and Double Strings.csproj", "{067DBB34-318B-4488-9E3E-F872B41B32BF}"
EndProject
Project("{FAE04EC0-301F-11D3-BF4B-00C04F79EFBC}") = "Toss ka Boss", "Toss ka Boss\Toss ka Boss.csproj", "{3DB3F872-AB5F-4C17-8B3E-D4311188D78C}"
EndProject
Project("{2150E333-8FDC-42A3-9474-1A3956D46DE8}") = "March Onwards", "March Onwards", "{72A5013E-F066-4E71-AB51-4762B9FC4B24}"
EndProject
Project("{FAE04EC0-301F-11D3-BF4B-00C04F79EFBC}") = "Statistics", "Statistics\Statistics.csproj", "{6B51F75F-3F4A-469D-BB6A-7FB84F910C04}"
EndProject
Project("{FAE04EC0-301F-11D3-BF4B-00C04F79EFBC}") = "Chotu and Palindromic Strings", "Chotu and Palindromic Strings\Chotu and Palindromic Strings.csproj", "{745F8148-1DFB-49AF-9BED-A9DA235E9A54}"
EndProject
Project("{FAE04EC0-301F-11D3-BF4B-00C04F79EFBC}") = "Ali and Helping innocent people", "Ali and Helping innocent people\Ali and Helping innocent people.csproj", "{A48B28B1-61D6-46FB-8226-1C93995A3E70}"
EndProject
Project("{FAE04EC0-301F-11D3-BF4B-00C04F79EFBC}") = "Speed", "Speed\Speed.csproj", "{55247E57-CF9D-4358-BEBF-D7FBE440ABE9}"
EndProject
Project("{FAE04EC0-301F-11D3-BF4B-00C04F79EFBC}") = "Chandu and his Girlfriend Returns", "Chandu and his Girlfriend Returns\Chandu and his Girlfriend Returns.csproj", "{BCA9F946-7638-45AF-B8EA-38CC20CC34FB}"
EndProject
Project("{FAE04EC0-301F-11D3-BF4B-00C04F79EFBC}") = "Count carryproblem", "Count carryproblem\Count carryproblem.csproj", "{206E288E-9B2D-4D1E-8635-921C77A58F38}"
EndProject
Project("{FAE04EC0-301F-11D3-BF4B-00C04F79EFBC}") = "Comparing Strings", "Comparing Strings\Comparing Strings.csproj", "{A88FC110-16CE-4B83-BED5-128E3D2990FB}"
EndProject
Global
	GlobalSection(SolutionConfigurationPlatforms) = preSolution
		Debug|Any CPU = Debug|Any CPU
		Release|Any CPU = Release|Any CPU
	EndGlobalSection
	GlobalSection(ProjectConfigurationPlatforms) = postSolution
		{9F8D49A4-02C5-4F4B-A1C0-3421DE8E2B02}.Debug|Any CPU.ActiveCfg = Debug|Any CPU
		{9F8D49A4-02C5-4F4B-A1C0-3421DE8E2B02}.Debug|Any CPU.Build.0 = Debug|Any CPU
		{9F8D49A4-02C5-4F4B-A1C0-3421DE8E2B02}.Release|Any CPU.ActiveCfg = Release|Any CPU
		{9F8D49A4-02C5-4F4B-A1C0-3421DE8E2B02}.Release|Any CPU.Build.0 = Release|Any CPU
		{E671EFB4-BCF1-45AA-B401-9DDAC7B13F0A}.Debug|Any CPU.ActiveCfg = Debug|Any CPU
		{E671EFB4-BCF1-45AA-B401-9DDAC7B13F0A}.Debug|Any CPU.Build.0 = Debug|Any CPU
		{E671EFB4-BCF1-45AA-B401-9DDAC7B13F0A}.Release|Any CPU.ActiveCfg = Release|Any CPU
		{E671EFB4-BCF1-45AA-B401-9DDAC7B13F0A}.Release|Any CPU.Build.0 = Release|Any CPU
		{92462D7D-C753-4578-AA15-C66CE3AECC32}.Debug|Any CPU.ActiveCfg = Debug|Any CPU
		{92462D7D-C753-4578-AA15-C66CE3AECC32}.Debug|Any CPU.Build.0 = Debug|Any CPU
		{92462D7D-C753-4578-AA15-C66CE3AECC32}.Release|Any CPU.ActiveCfg = Release|Any CPU
		{92462D7D-C753-4578-AA15-C66CE3AECC32}.Release|Any CPU.Build.0 = Release|Any CPU
		{712ADC13-9737-4384-8078-6FBEB29B3840}.Debug|Any CPU.ActiveCfg = Debug|Any CPU
		{712ADC13-9737-4384-8078-6FBEB29B3840}.Debug|Any CPU.Build.0 = Debug|Any CPU
		{712ADC13-9737-4384-8078-6FBEB29B3840}.Release|Any CPU.ActiveCfg = Release|Any CPU
		{712ADC13-9737-4384-8078-6FBEB29B3840}.Release|Any CPU.Build.0 = Release|Any CPU
		{11B283B1-04A5-4706-90B9-6F6E0E517BB5}.Debug|Any CPU.ActiveCfg = Debug|Any CPU
		{11B283B1-04A5-4706-90B9-6F6E0E517BB5}.Debug|Any CPU.Build.0 = Debug|Any CPU
		{11B283B1-04A5-4706-90B9-6F6E0E517BB5}.Release|Any CPU.ActiveCfg = Release|Any CPU
		{11B283B1-04A5-4706-90B9-6F6E0E517BB5}.Release|Any CPU.Build.0 = Release|Any CPU
		{D0BCE083-F989-4D53-9215-90CC897127FC}.Debug|Any CPU.ActiveCfg = Debug|Any CPU
		{D0BCE083-F989-4D53-9215-90CC897127FC}.Debug|Any CPU.Build.0 = Debug|Any CPU
		{D0BCE083-F989-4D53-9215-90CC897127FC}.Release|Any CPU.ActiveCfg = Release|Any CPU
		{D0BCE083-F989-4D53-9215-90CC897127FC}.Release|Any CPU.Build.0 = Release|Any CPU
		{8D8A6F05-5341-48C3-BDF5-BD46095165B9}.Debug|Any CPU.ActiveCfg = Debug|Any CPU
		{8D8A6F05-5341-48C3-BDF5-BD46095165B9}.Debug|Any CPU.Build.0 = Debug|Any CPU
		{8D8A6F05-5341-48C3-BDF5-BD46095165B9}.Release|Any CPU.ActiveCfg = Release|Any CPU
		{8D8A6F05-5341-48C3-BDF5-BD46095165B9}.Release|Any CPU.Build.0 = Release|Any CPU
		{79C331D0-5D9F-4394-A0E5-F10B170683CB}.Debug|Any CPU.ActiveCfg = Debug|Any CPU
		{79C331D0-5D9F-4394-A0E5-F10B170683CB}.Debug|Any CPU.Build.0 = Debug|Any CPU
		{79C331D0-5D9F-4394-A0E5-F10B170683CB}.Release|Any CPU.ActiveCfg = Release|Any CPU
		{79C331D0-5D9F-4394-A0E5-F10B170683CB}.Release|Any CPU.Build.0 = Release|Any CPU
		{2223CB64-54AA-406D-83B4-B5129342022E}.Debug|Any CPU.ActiveCfg = Debug|Any CPU
		{2223CB64-54AA-406D-83B4-B5129342022E}.Debug|Any CPU.Build.0 = Debug|Any CPU
		{2223CB64-54AA-406D-83B4-B5129342022E}.Release|Any CPU.ActiveCfg = Release|Any CPU
		{2223CB64-54AA-406D-83B4-B5129342022E}.Release|Any CPU.Build.0 = Release|Any CPU
		{A9171B34-A816-4420-9877-0EB8808FA500}.Debug|Any CPU.ActiveCfg = Debug|Any CPU
		{A9171B34-A816-4420-9877-0EB8808FA500}.Debug|Any CPU.Build.0 = Debug|Any CPU
		{A9171B34-A816-4420-9877-0EB8808FA500}.Release|Any CPU.ActiveCfg = Release|Any CPU
		{A9171B34-A816-4420-9877-0EB8808FA500}.Release|Any CPU.Build.0 = Release|Any CPU
		{D3341AAC-6F42-4F5E-8838-5E1867F388B7}.Debug|Any CPU.ActiveCfg = Debug|Any CPU
		{D3341AAC-6F42-4F5E-8838-5E1867F388B7}.Debug|Any CPU.Build.0 = Debug|Any CPU
		{D3341AAC-6F42-4F5E-8838-5E1867F388B7}.Release|Any CPU.ActiveCfg = Release|Any CPU
		{D3341AAC-6F42-4F5E-8838-5E1867F388B7}.Release|Any CPU.Build.0 = Release|Any CPU
		{76F359F8-D838-4C92-A265-EFDFCFBC2DC2}.Debug|Any CPU.ActiveCfg = Debug|Any CPU
		{76F359F8-D838-4C92-A265-EFDFCFBC2DC2}.Debug|Any CPU.Build.0 = Debug|Any CPU
		{76F359F8-D838-4C92-A265-EFDFCFBC2DC2}.Release|Any CPU.ActiveCfg = Release|Any CPU
		{76F359F8-D838-4C92-A265-EFDFCFBC2DC2}.Release|Any CPU.Build.0 = Release|Any CPU
		{D104B289-C161-4C2E-B67F-D9F3439DF337}.Debug|Any CPU.ActiveCfg = Debug|Any CPU
		{D104B289-C161-4C2E-B67F-D9F3439DF337}.Debug|Any CPU.Build.0 = Debug|Any CPU
		{D104B289-C161-4C2E-B67F-D9F3439DF337}.Release|Any CPU.ActiveCfg = Release|Any CPU
		{D104B289-C161-4C2E-B67F-D9F3439DF337}.Release|Any CPU.Build.0 = Release|Any CPU
		{BFF002F2-D3D0-4424-A17B-D0E234982C52}.Debug|Any CPU.ActiveCfg = Debug|Any CPU
		{BFF002F2-D3D0-4424-A17B-D0E234982C52}.Debug|Any CPU.Build.0 = Debug|Any CPU
		{BFF002F2-D3D0-4424-A17B-D0E234982C52}.Release|Any CPU.ActiveCfg = Release|Any CPU
		{BFF002F2-D3D0-4424-A17B-D0E234982C52}.Release|Any CPU.Build.0 = Release|Any CPU
		{4B464FB7-31FC-47F8-AA04-B325EC9F3D70}.Debug|Any CPU.ActiveCfg = Debug|Any CPU
		{4B464FB7-31FC-47F8-AA04-B325EC9F3D70}.Debug|Any CPU.Build.0 = Debug|Any CPU
		{4B464FB7-31FC-47F8-AA04-B325EC9F3D70}.Release|Any CPU.ActiveCfg = Release|Any CPU
		{4B464FB7-31FC-47F8-AA04-B325EC9F3D70}.Release|Any CPU.Build.0 = Release|Any CPU
		{3D8D0757-F43A-456C-AD1B-B24EA4732466}.Debug|Any CPU.ActiveCfg = Debug|Any CPU
		{3D8D0757-F43A-456C-AD1B-B24EA4732466}.Debug|Any CPU.Build.0 = Debug|Any CPU
		{3D8D0757-F43A-456C-AD1B-B24EA4732466}.Release|Any CPU.ActiveCfg = Release|Any CPU
		{3D8D0757-F43A-456C-AD1B-B24EA4732466}.Release|Any CPU.Build.0 = Release|Any CPU
		{064C199A-DC22-4AC0-812C-065739618667}.Debug|Any CPU.ActiveCfg = Debug|Any CPU
		{064C199A-DC22-4AC0-812C-065739618667}.Debug|Any CPU.Build.0 = Debug|Any CPU
		{064C199A-DC22-4AC0-812C-065739618667}.Release|Any CPU.ActiveCfg = Release|Any CPU
		{064C199A-DC22-4AC0-812C-065739618667}.Release|Any CPU.Build.0 = Release|Any CPU
		{98CE27E3-3DFA-45AB-8021-53351C102DA4}.Debug|Any CPU.ActiveCfg = Debug|Any CPU
		{98CE27E3-3DFA-45AB-8021-53351C102DA4}.Debug|Any CPU.Build.0 = Debug|Any CPU
		{98CE27E3-3DFA-45AB-8021-53351C102DA4}.Release|Any CPU.ActiveCfg = Release|Any CPU
		{98CE27E3-3DFA-45AB-8021-53351C102DA4}.Release|Any CPU.Build.0 = Release|Any CPU
		{FAC5547B-1D75-4D03-8664-9740512698D1}.Debug|Any CPU.ActiveCfg = Debug|Any CPU
		{FAC5547B-1D75-4D03-8664-9740512698D1}.Debug|Any CPU.Build.0 = Debug|Any CPU
		{FAC5547B-1D75-4D03-8664-9740512698D1}.Release|Any CPU.ActiveCfg = Release|Any CPU
		{FAC5547B-1D75-4D03-8664-9740512698D1}.Release|Any CPU.Build.0 = Release|Any CPU
		{DA67E338-C768-4C08-8703-337F7D7C644F}.Debug|Any CPU.ActiveCfg = Debug|Any CPU
		{DA67E338-C768-4C08-8703-337F7D7C644F}.Debug|Any CPU.Build.0 = Debug|Any CPU
		{DA67E338-C768-4C08-8703-337F7D7C644F}.Release|Any CPU.ActiveCfg = Release|Any CPU
		{DA67E338-C768-4C08-8703-337F7D7C644F}.Release|Any CPU.Build.0 = Release|Any CPU
		{86DE1A71-1B81-4F72-899F-A886C83B66AE}.Debug|Any CPU.ActiveCfg = Debug|Any CPU
		{86DE1A71-1B81-4F72-899F-A886C83B66AE}.Debug|Any CPU.Build.0 = Debug|Any CPU
		{86DE1A71-1B81-4F72-899F-A886C83B66AE}.Release|Any CPU.ActiveCfg = Release|Any CPU
		{86DE1A71-1B81-4F72-899F-A886C83B66AE}.Release|Any CPU.Build.0 = Release|Any CPU
		{F960AFEB-57B7-4AE1-9B17-11B9FABC99F7}.Debug|Any CPU.ActiveCfg = Debug|Any CPU
		{F960AFEB-57B7-4AE1-9B17-11B9FABC99F7}.Debug|Any CPU.Build.0 = Debug|Any CPU
		{F960AFEB-57B7-4AE1-9B17-11B9FABC99F7}.Release|Any CPU.ActiveCfg = Release|Any CPU
		{F960AFEB-57B7-4AE1-9B17-11B9FABC99F7}.Release|Any CPU.Build.0 = Release|Any CPU
		{BAFB2800-0EDB-4DCF-8CA6-6D5F7705CB6A}.Debug|Any CPU.ActiveCfg = Debug|Any CPU
		{BAFB2800-0EDB-4DCF-8CA6-6D5F7705CB6A}.Debug|Any CPU.Build.0 = Debug|Any CPU
		{BAFB2800-0EDB-4DCF-8CA6-6D5F7705CB6A}.Release|Any CPU.ActiveCfg = Release|Any CPU
		{BAFB2800-0EDB-4DCF-8CA6-6D5F7705CB6A}.Release|Any CPU.Build.0 = Release|Any CPU
		{98923DD4-3791-443F-9324-326D5AAF2016}.Debug|Any CPU.ActiveCfg = Debug|Any CPU
		{98923DD4-3791-443F-9324-326D5AAF2016}.Debug|Any CPU.Build.0 = Debug|Any CPU
		{98923DD4-3791-443F-9324-326D5AAF2016}.Release|Any CPU.ActiveCfg = Release|Any CPU
		{98923DD4-3791-443F-9324-326D5AAF2016}.Release|Any CPU.Build.0 = Release|Any CPU
		{A108361A-9A9F-4E3C-9F57-0FB66F41B3F6}.Debug|Any CPU.ActiveCfg = Debug|Any CPU
		{A108361A-9A9F-4E3C-9F57-0FB66F41B3F6}.Debug|Any CPU.Build.0 = Debug|Any CPU
		{A108361A-9A9F-4E3C-9F57-0FB66F41B3F6}.Release|Any CPU.ActiveCfg = Release|Any CPU
		{A108361A-9A9F-4E3C-9F57-0FB66F41B3F6}.Release|Any CPU.Build.0 = Release|Any CPU
		{1F39749F-EEAB-47AD-8E88-E389FDD9C5E9}.Debug|Any CPU.ActiveCfg = Debug|Any CPU
		{1F39749F-EEAB-47AD-8E88-E389FDD9C5E9}.Debug|Any CPU.Build.0 = Debug|Any CPU
		{1F39749F-EEAB-47AD-8E88-E389FDD9C5E9}.Release|Any CPU.ActiveCfg = Release|Any CPU
		{1F39749F-EEAB-47AD-8E88-E389FDD9C5E9}.Release|Any CPU.Build.0 = Release|Any CPU
		{1D8A01D6-D179-4F87-9F61-B9BFE676DE81}.Debug|Any CPU.ActiveCfg = Debug|Any CPU
		{1D8A01D6-D179-4F87-9F61-B9BFE676DE81}.Debug|Any CPU.Build.0 = Debug|Any CPU
		{1D8A01D6-D179-4F87-9F61-B9BFE676DE81}.Release|Any CPU.ActiveCfg = Release|Any CPU
		{1D8A01D6-D179-4F87-9F61-B9BFE676DE81}.Release|Any CPU.Build.0 = Release|Any CPU
		{676C914C-6029-41B5-9EFC-6375B40E6748}.Debug|Any CPU.ActiveCfg = Debug|Any CPU
		{676C914C-6029-41B5-9EFC-6375B40E6748}.Debug|Any CPU.Build.0 = Debug|Any CPU
		{676C914C-6029-41B5-9EFC-6375B40E6748}.Release|Any CPU.ActiveCfg = Release|Any CPU
		{676C914C-6029-41B5-9EFC-6375B40E6748}.Release|Any CPU.Build.0 = Release|Any CPU
		{80922161-ECFA-4475-A455-1D55C9DACD24}.Debug|Any CPU.ActiveCfg = Debug|Any CPU
		{80922161-ECFA-4475-A455-1D55C9DACD24}.Debug|Any CPU.Build.0 = Debug|Any CPU
		{80922161-ECFA-4475-A455-1D55C9DACD24}.Release|Any CPU.ActiveCfg = Release|Any CPU
		{80922161-ECFA-4475-A455-1D55C9DACD24}.Release|Any CPU.Build.0 = Release|Any CPU
		{572E5CB8-140E-47B6-B93C-998EFD358A32}.Debug|Any CPU.ActiveCfg = Debug|Any CPU
		{572E5CB8-140E-47B6-B93C-998EFD358A32}.Debug|Any CPU.Build.0 = Debug|Any CPU
		{572E5CB8-140E-47B6-B93C-998EFD358A32}.Release|Any CPU.ActiveCfg = Release|Any CPU
		{572E5CB8-140E-47B6-B93C-998EFD358A32}.Release|Any CPU.Build.0 = Release|Any CPU
		{682C29E5-8675-4806-82D9-503402FCFFF5}.Debug|Any CPU.ActiveCfg = Debug|Any CPU
		{682C29E5-8675-4806-82D9-503402FCFFF5}.Debug|Any CPU.Build.0 = Debug|Any CPU
		{682C29E5-8675-4806-82D9-503402FCFFF5}.Release|Any CPU.ActiveCfg = Release|Any CPU
		{682C29E5-8675-4806-82D9-503402FCFFF5}.Release|Any CPU.Build.0 = Release|Any CPU
		{18D50416-D0D0-4959-AC59-206F9D89595F}.Debug|Any CPU.ActiveCfg = Debug|Any CPU
		{18D50416-D0D0-4959-AC59-206F9D89595F}.Debug|Any CPU.Build.0 = Debug|Any CPU
		{18D50416-D0D0-4959-AC59-206F9D89595F}.Release|Any CPU.ActiveCfg = Release|Any CPU
		{18D50416-D0D0-4959-AC59-206F9D89595F}.Release|Any CPU.Build.0 = Release|Any CPU
		{D1974708-B5BC-4ED5-8D44-3536A7148603}.Debug|Any CPU.ActiveCfg = Debug|Any CPU
		{D1974708-B5BC-4ED5-8D44-3536A7148603}.Debug|Any CPU.Build.0 = Debug|Any CPU
		{D1974708-B5BC-4ED5-8D44-3536A7148603}.Release|Any CPU.ActiveCfg = Release|Any CPU
		{D1974708-B5BC-4ED5-8D44-3536A7148603}.Release|Any CPU.Build.0 = Release|Any CPU
		{26FBD9A9-B359-4603-BB20-EF6B7712EB05}.Debug|Any CPU.ActiveCfg = Debug|Any CPU
		{26FBD9A9-B359-4603-BB20-EF6B7712EB05}.Debug|Any CPU.Build.0 = Debug|Any CPU
		{26FBD9A9-B359-4603-BB20-EF6B7712EB05}.Release|Any CPU.ActiveCfg = Release|Any CPU
		{26FBD9A9-B359-4603-BB20-EF6B7712EB05}.Release|Any CPU.Build.0 = Release|Any CPU
		{284A3DCF-BDF6-48FC-8B53-13045A2FC126}.Debug|Any CPU.ActiveCfg = Debug|Any CPU
		{284A3DCF-BDF6-48FC-8B53-13045A2FC126}.Debug|Any CPU.Build.0 = Debug|Any CPU
		{284A3DCF-BDF6-48FC-8B53-13045A2FC126}.Release|Any CPU.ActiveCfg = Release|Any CPU
		{284A3DCF-BDF6-48FC-8B53-13045A2FC126}.Release|Any CPU.Build.0 = Release|Any CPU
		{067DBB34-318B-4488-9E3E-F872B41B32BF}.Debug|Any CPU.ActiveCfg = Debug|Any CPU
		{067DBB34-318B-4488-9E3E-F872B41B32BF}.Debug|Any CPU.Build.0 = Debug|Any CPU
		{067DBB34-318B-4488-9E3E-F872B41B32BF}.Release|Any CPU.ActiveCfg = Release|Any CPU
		{067DBB34-318B-4488-9E3E-F872B41B32BF}.Release|Any CPU.Build.0 = Release|Any CPU
		{3DB3F872-AB5F-4C17-8B3E-D4311188D78C}.Debug|Any CPU.ActiveCfg = Debug|Any CPU
		{3DB3F872-AB5F-4C17-8B3E-D4311188D78C}.Debug|Any CPU.Build.0 = Debug|Any CPU
		{3DB3F872-AB5F-4C17-8B3E-D4311188D78C}.Release|Any CPU.ActiveCfg = Release|Any CPU
		{3DB3F872-AB5F-4C17-8B3E-D4311188D78C}.Release|Any CPU.Build.0 = Release|Any CPU
		{6B51F75F-3F4A-469D-BB6A-7FB84F910C04}.Debug|Any CPU.ActiveCfg = Debug|Any CPU
		{6B51F75F-3F4A-469D-BB6A-7FB84F910C04}.Debug|Any CPU.Build.0 = Debug|Any CPU
		{6B51F75F-3F4A-469D-BB6A-7FB84F910C04}.Release|Any CPU.ActiveCfg = Release|Any CPU
		{6B51F75F-3F4A-469D-BB6A-7FB84F910C04}.Release|Any CPU.Build.0 = Release|Any CPU
		{745F8148-1DFB-49AF-9BED-A9DA235E9A54}.Debug|Any CPU.ActiveCfg = Debug|Any CPU
		{745F8148-1DFB-49AF-9BED-A9DA235E9A54}.Debug|Any CPU.Build.0 = Debug|Any CPU
		{745F8148-1DFB-49AF-9BED-A9DA235E9A54}.Release|Any CPU.ActiveCfg = Release|Any CPU
		{745F8148-1DFB-49AF-9BED-A9DA235E9A54}.Release|Any CPU.Build.0 = Release|Any CPU
		{A48B28B1-61D6-46FB-8226-1C93995A3E70}.Debug|Any CPU.ActiveCfg = Debug|Any CPU
		{A48B28B1-61D6-46FB-8226-1C93995A3E70}.Debug|Any CPU.Build.0 = Debug|Any CPU
		{A48B28B1-61D6-46FB-8226-1C93995A3E70}.Release|Any CPU.ActiveCfg = Release|Any CPU
		{A48B28B1-61D6-46FB-8226-1C93995A3E70}.Release|Any CPU.Build.0 = Release|Any CPU
		{55247E57-CF9D-4358-BEBF-D7FBE440ABE9}.Debug|Any CPU.ActiveCfg = Debug|Any CPU
		{55247E57-CF9D-4358-BEBF-D7FBE440ABE9}.Debug|Any CPU.Build.0 = Debug|Any CPU
		{55247E57-CF9D-4358-BEBF-D7FBE440ABE9}.Release|Any CPU.ActiveCfg = Release|Any CPU
		{55247E57-CF9D-4358-BEBF-D7FBE440ABE9}.Release|Any CPU.Build.0 = Release|Any CPU
		{BCA9F946-7638-45AF-B8EA-38CC20CC34FB}.Debug|Any CPU.ActiveCfg = Debug|Any CPU
		{BCA9F946-7638-45AF-B8EA-38CC20CC34FB}.Debug|Any CPU.Build.0 = Debug|Any CPU
		{BCA9F946-7638-45AF-B8EA-38CC20CC34FB}.Release|Any CPU.ActiveCfg = Release|Any CPU
		{BCA9F946-7638-45AF-B8EA-38CC20CC34FB}.Release|Any CPU.Build.0 = Release|Any CPU
		{206E288E-9B2D-4D1E-8635-921C77A58F38}.Debug|Any CPU.ActiveCfg = Debug|Any CPU
		{206E288E-9B2D-4D1E-8635-921C77A58F38}.Debug|Any CPU.Build.0 = Debug|Any CPU
		{206E288E-9B2D-4D1E-8635-921C77A58F38}.Release|Any CPU.ActiveCfg = Release|Any CPU
		{206E288E-9B2D-4D1E-8635-921C77A58F38}.Release|Any CPU.Build.0 = Release|Any CPU
		{A88FC110-16CE-4B83-BED5-128E3D2990FB}.Debug|Any CPU.ActiveCfg = Debug|Any CPU
		{A88FC110-16CE-4B83-BED5-128E3D2990FB}.Debug|Any CPU.Build.0 = Debug|Any CPU
		{A88FC110-16CE-4B83-BED5-128E3D2990FB}.Release|Any CPU.ActiveCfg = Release|Any CPU
		{A88FC110-16CE-4B83-BED5-128E3D2990FB}.Release|Any CPU.Build.0 = Release|Any CPU
	EndGlobalSection
	GlobalSection(SolutionProperties) = preSolution
		HideSolutionNode = FALSE
	EndGlobalSection
	GlobalSection(NestedProjects) = preSolution
		{6B51F75F-3F4A-469D-BB6A-7FB84F910C04} = {72A5013E-F066-4E71-AB51-4762B9FC4B24}
		{745F8148-1DFB-49AF-9BED-A9DA235E9A54} = {72A5013E-F066-4E71-AB51-4762B9FC4B24}
		{A48B28B1-61D6-46FB-8226-1C93995A3E70} = {72A5013E-F066-4E71-AB51-4762B9FC4B24}
		{206E288E-9B2D-4D1E-8635-921C77A58F38} = {72A5013E-F066-4E71-AB51-4762B9FC4B24}
		{A88FC110-16CE-4B83-BED5-128E3D2990FB} = {72A5013E-F066-4E71-AB51-4762B9FC4B24}
	EndGlobalSection
	GlobalSection(ExtensibilityGlobals) = postSolution
		SolutionGuid = {745730DE-1C3E-42F8-9A39-6F238D9D116A}
	EndGlobalSection
EndGlobal
